
Microsoft Visual Studio Solution File, Format Version 12.00
# Visual Studio 15
VisualStudioVersion = 15.0.28307.1082
MinimumVisualStudioVersion = 10.0.40219.1
Project("{8BC9CEB8-8B4A-11D0-8D11-00A0C91BC942}") = "mtfind", "mtfind.vcxproj", "{99684EE5-5373-4FAA-8F36-A6D74CCBB931}"
EndProject
Global
	GlobalSection(SolutionConfigurationPlatforms) = preSolution
		Debug|x64 = Debug|x64
		Debug|x86 = Debug|x86
		Release|x64 = Release|x64
		Release|x86 = Release|x86
	EndGlobalSection
	GlobalSection(ProjectConfigurationPlatforms) = postSolution
		{99684EE5-5373-4FAA-8F36-A6D74CCBB931}.Debug|x64.ActiveCfg = Debug|x64
		{99684EE5-5373-4FAA-8F36-A6D74CCBB931}.Debug|x64.Build.0 = Debug|x64
		{99684EE5-5373-4FAA-8F36-A6D74CCBB931}.Debug|x86.ActiveCfg = Debug|Win32
		{99684EE5-5373-4FAA-8F36-A6D74CCBB931}.Debug|x86.Build.0 = Debug|Win32
		{99684EE5-5373-4FAA-8F36-A6D74CCBB931}.Release|x64.ActiveCfg = Release|x64
		{99684EE5-5373-4FAA-8F36-A6D74CCBB931}.Release|x64.Build.0 = Release|x64
		{99684EE5-5373-4FAA-8F36-A6D74CCBB931}.Release|x86.ActiveCfg = Release|Win32
		{99684EE5-5373-4FAA-8F36-A6D74CCBB931}.Release|x86.Build.0 = Release|Win32
	EndGlobalSection
	GlobalSection(SolutionProperties) = preSolution
		HideSolutionNode = FALSE
	EndGlobalSection
	GlobalSection(ExtensibilityGlobals) = postSolution
		SolutionGuid = {BB93B37E-8213-40AB-A30E-AB436EFC57D2}
	EndGlobalSection
EndGlobal
